{
  "requires": true,
  "lockfileVersion": 1,
  "dependencies": {
    "vant-weapp": {
      "version": "0.5.15",
      "resolved": "https://registry.npmjs.org/vant-weapp/-/vant-weapp-0.5.15.tgz",
      "integrity": "sha512-yB5tECjJDdXxFZtbeXJaKSnic9mi/ogHzJ9EzzYCbdIXQyNOJ4/Syyf4ohBhFcreOg/hpN1bRPNu4ukMWvGsVg=="
    }
  }
}
